<?xml version="1.0" encoding="utf-8"?>
<Project ToolsVersion="4.0" xmlns="http://schemas.microsoft.com/developer/msbuild/2003">
  <ItemGroup>
    <Filter Include="Player">
      <UniqueIdentifier>{e330f90c-dd82-46cc-a170-3ed6ce5b10b0}</UniqueIdentifier>
    </Filter>
    <Filter Include="Enemies">
      <UniqueIdentifier>{5b922120-4c5f-4802-90d5-26438447ee38}</UniqueIdentifier>
    </Filter>
    <Filter Include="HUD">
      <UniqueIdentifier>{50c748ab-23d1-4fc6-92a7-654e5e823325}</UniqueIdentifier>
    </Filter>
    <Filter Include="Framework">
      <UniqueIdentifier>{37030885-21eb-48ec-9b03-7468b8f8d539}</UniqueIdentifier>
    </Filter>
    <Filter Include="Weapons">
      <UniqueIdentifier>{edce1bb9-8fec-414b-8dcc-bbaacf842424}</UniqueIdentifier>
    </Filter>
    <Filter Include="Objects">
      <UniqueIdentifier>{fed5e1b1-bae0-4f91-ab35-f66a1f161766}</UniqueIdentifier>
    </Filter>
    <Filter Include="Spatial Partitioning">
      <UniqueIdentifier>{3efbdf56-e295-4674-9dd7-3bafbdcae968}</UniqueIdentifier>
    </Filter>
  </ItemGroup>
  <ItemGroup>
    <ClCompile Include="Mario.cpp">
      <Filter>Player</Filter>
    </ClCompile>
    <ClCompile Include="Tank.cpp">
      <Filter>Player</Filter>
    </ClCompile>
    <ClCompile Include="Goomba.cpp">
      <Filter>Enemies</Filter>
    </ClCompile>
    <ClCompile Include="Golem.cpp">
      <Filter>Enemies</Filter>
    </ClCompile>
    <ClCompile Include="Butterfly.cpp">
      <Filter>Enemies</Filter>
    </ClCompile>
    <ClCompile Include="HUD.cpp">
      <Filter>HUD</Filter>
    </ClCompile>
    <ClCompile Include="HealthBar.cpp">
      <Filter>HUD</Filter>
    </ClCompile>
    <ClCompile Include="Animations.cpp">
      <Filter>Framework</Filter>
    </ClCompile>
    <ClCompile Include="Brick.cpp">
      <Filter>Objects</Filter>
    </ClCompile>
    <ClCompile Include="Bullet.cpp">
      <Filter>Weapons</Filter>
    </ClCompile>
    <ClCompile Include="Destroyed.cpp">
      <Filter>Objects</Filter>
    </ClCompile>
    <ClCompile Include="Game.cpp">
      <Filter>Framework</Filter>
    </ClCompile>
    <ClCompile Include="GameObject.cpp">
      <Filter>Framework</Filter>
    </ClCompile>
    <ClCompile Include="Koopas.cpp">
      <Filter>Framework</Filter>
    </ClCompile>
    <ClCompile Include="PlayScence.cpp">
      <Filter>Framework</Filter>
    </ClCompile>
    <ClCompile Include="PlayScenceKeyHandler.cpp">
      <Filter>Framework</Filter>
    </ClCompile>
    <ClCompile Include="Portal.cpp">
      <Filter>Objects</Filter>
    </ClCompile>
    <ClCompile Include="Rocket.cpp">
      <Filter>Weapons</Filter>
    </ClCompile>
    <ClCompile Include="Scence.cpp">
      <Filter>Framework</Filter>
    </ClCompile>
    <ClCompile Include="Sprites.cpp">
      <Filter>Framework</Filter>
    </ClCompile>
    <ClCompile Include="Textures.cpp">
      <Filter>Framework</Filter>
    </ClCompile>
    <ClCompile Include="Tile.cpp">
      <Filter>Framework</Filter>
    </ClCompile>
    <ClCompile Include="Utils.cpp">
      <Filter>Framework</Filter>
    </ClCompile>
    <ClCompile Include="Grid.cpp">
      <Filter>Spatial Partitioning</Filter>
    </ClCompile>
    <ClCompile Include="Item.cpp">
      <Filter>Objects</Filter>
    </ClCompile>
    <ClCompile Include="main.cpp" />
    <ClCompile Include="Worm.cpp">
      <Filter>Enemies</Filter>
    </ClCompile>
    <ClCompile Include="Bee.cpp">
      <Filter>Enemies</Filter>
    </ClCompile>
    <ClCompile Include="Flame.cpp">
      <Filter>Objects</Filter>
    </ClCompile>
    <ClCompile Include="StupidHead.cpp">
      <Filter>Enemies</Filter>
    </ClCompile>
  </ItemGroup>
  <ItemGroup>
    <ClInclude Include="Mario.h">
      <Filter>Player</Filter>
    </ClInclude>
    <ClInclude Include="Tank.h">
      <Filter>Player</Filter>
    </ClInclude>
    <ClInclude Include="Goomba.h">
      <Filter>Enemies</Filter>
    </ClInclude>
    <ClInclude Include="Golem.h">
      <Filter>Enemies</Filter>
    </ClInclude>
    <ClInclude Include="Butterfly.h">
      <Filter>Enemies</Filter>
    </ClInclude>
    <ClInclude Include="HUD.h">
      <Filter>HUD</Filter>
    </ClInclude>
    <ClInclude Include="HealthBar.h">
      <Filter>HUD</Filter>
    </ClInclude>
    <ClInclude Include="Animations.h">
      <Filter>Framework</Filter>
    </ClInclude>
    <ClInclude Include="Game.h">
      <Filter>Framework</Filter>
    </ClInclude>
    <ClInclude Include="GameObject.h">
      <Filter>Framework</Filter>
    </ClInclude>
    <ClInclude Include="KeyEventHandler.h">
      <Filter>Framework</Filter>
    </ClInclude>
    <ClInclude Include="PlayScenceKeyHandler.h">
      <Filter>Framework</Filter>
    </ClInclude>
    <ClInclude Include="PlayScence.h">
      <Filter>Framework</Filter>
    </ClInclude>
    <ClInclude Include="Bullet.h">
      <Filter>Weapons</Filter>
    </ClInclude>
    <ClInclude Include="Rocket.h">
      <Filter>Weapons</Filter>
    </ClInclude>
    <ClInclude Include="Portal.h">
      <Filter>Objects</Filter>
    </ClInclude>
    <ClInclude Include="Brick.h">
      <Filter>Objects</Filter>
    </ClInclude>
    <ClInclude Include="Sprites.h">
      <Filter>Framework</Filter>
    </ClInclude>
    <ClInclude Include="Textures.h">
      <Filter>Framework</Filter>
    </ClInclude>
    <ClInclude Include="Tile.h">
      <Filter>Framework</Filter>
    </ClInclude>
    <ClInclude Include="Utils.h">
      <Filter>Framework</Filter>
    </ClInclude>
    <ClInclude Include="Scence.h">
      <Filter>Framework</Filter>
    </ClInclude>
    <ClInclude Include="Koopas.h">
      <Filter>Framework</Filter>
    </ClInclude>
    <ClInclude Include="Destroyed.h">
      <Filter>Objects</Filter>
    </ClInclude>
    <ClInclude Include="Grid.h">
      <Filter>Spatial Partitioning</Filter>
    </ClInclude>
    <ClInclude Include="Item.h">
      <Filter>Objects</Filter>
    </ClInclude>
    <ClInclude Include="Worm.h">
      <Filter>Enemies</Filter>
    </ClInclude>
    <ClInclude Include="Bee.h">
      <Filter>Enemies</Filter>
    </ClInclude>
    <ClInclude Include="Flame.h">
      <Filter>Objects</Filter>
    </ClInclude>
    <ClInclude Include="StupidHead.h">
      <Filter>Enemies</Filter>
    </ClInclude>
  </ItemGroup>
</Project>